// !$*UTF8*$!
{
	archiveVersion = 1;
	classes = {
	};
	objectVersion = 48;
	objects = {

/* Begin PBXBuildFile section */
		02D85606A962534BB0DF6E71 /* Pods_YLViewer.framework in Frameworks */ = {isa = PBXBuildFile; fileRef = 4E657157EB8E464851A572EA /* Pods_YLViewer.framework */; };
		A040F01B205900A000F38F2A /* AppDelegate.m in Sources */ = {isa = PBXBuildFile; fileRef = A040F01A205900A000F38F2A /* AppDelegate.m */; };
		A040F01E205900A000F38F2A /* ViewController.m in Sources */ = {isa = PBXBuildFile; fileRef = A040F01D205900A000F38F2A /* ViewController.m */; };
		A040F021205900A000F38F2A /* Main.storyboard in Resources */ = {isa = PBXBuildFile; fileRef = A040F01F205900A000F38F2A /* Main.storyboard */; };
		A040F023205900A000F38F2A /* Assets.xcassets in Resources */ = {isa = PBXBuildFile; fileRef = A040F022205900A000F38F2A /* Assets.xcassets */; };
		A040F026205900A000F38F2A /* LaunchScreen.storyboard in Resources */ = {isa = PBXBuildFile; fileRef = A040F024205900A000F38F2A /* LaunchScreen.storyboard */; };
		A040F029205900A000F38F2A /* main.m in Sources */ = {isa = PBXBuildFile; fileRef = A040F028205900A000F38F2A /* main.m */; };
		A040F0312059089A00F38F2A /* demo.mp4 in Resources */ = {isa = PBXBuildFile; fileRef = A040F0302059089A00F38F2A /* demo.mp4 */; };
		A040F0342059207300F38F2A /* YLVideoView.m in Sources */ = {isa = PBXBuildFile; fileRef = A040F0332059207300F38F2A /* YLVideoView.m */; };
/* End PBXBuildFile section */

/* Begin PBXFileReference section */
		4E657157EB8E464851A572EA /* Pods_YLViewer.framework */ = {isa = PBXFileReference; explicitFileType = wrapper.framework; includeInIndex = 0; path = Pods_YLViewer.framework; sourceTree = BUILT_PRODUCTS_DIR; };
		682FACD823A5002A813CB52D /* Pods-YLViewer.release.xcconfig */ = {isa = PBXFileReference; includeInIndex = 1; lastKnownFileType = text.xcconfig; name = "Pods-YLViewer.release.xcconfig"; path = "Pods/Target Support Files/Pods-YLViewer/Pods-YLViewer.release.xcconfig"; sourceTree = "<group>"; };
		A040F016205900A000F38F2A /* YLViewer.app */ = {isa = PBXFileReference; explicitFileType = wrapper.application; includeInIndex = 0; path = YLViewer.app; sourceTree = BUILT_PRODUCTS_DIR; };
		A040F019205900A000F38F2A /* AppDelegate.h */ = {isa = PBXFileReference; lastKnownFileType = sourcecode.c.h; path = AppDelegate.h; sourceTree = "<group>"; };
		A040F01A205900A000F38F2A /* AppDelegate.m */ = {isa = PBXFileReference; lastKnownFileType = sourcecode.c.objc; path = AppDelegate.m; sourceTree = "<group>"; };
		A040F01C205900A000F38F2A /* ViewController.h */ = {isa = PBXFileReference; lastKnownFileType = sourcecode.c.h; path = ViewController.h; sourceTree = "<group>"; };
		A040F01D205900A000F38F2A /* ViewController.m */ = {isa = PBXFileReference; lastKnownFileType = sourcecode.c.objc; path = ViewController.m; sourceTree = "<group>"; };
		A040F020205900A000F38F2A /* Base */ = {isa = PBXFileReference; lastKnownFileType = file.storyboard; name = Base; path = Base.lproj/Main.storyboard; sourceTree = "<group>"; };
		A040F022205900A000F38F2A /* Assets.xcassets */ = {isa = PBXFileReference; lastKnownFileType = folder.assetcatalog; path = Assets.xcassets; sourceTree = "<group>"; };
		A040F025205900A000F38F2A /* Base */ = {isa = PBXFileReference; lastKnownFileType = file.storyboard; name = Base; path = Base.lproj/LaunchScreen.storyboard; sourceTree = "<group>"; };
		A040F027205900A000F38F2A /* Info.plist */ = {isa = PBXFileReference; lastKnownFileType = text.plist.xml; path = Info.plist; sourceTree = "<group>"; };
		A040F028205900A000F38F2A /* main.m */ = {isa = PBXFileReference; lastKnownFileType = sourcecode.c.objc; path = main.m; sourceTree = "<group>"; };
		A040F0302059089A00F38F2A /* demo.mp4 */ = {isa = PBXFileReference; lastKnownFileType = file; path = demo.mp4; sourceTree = "<group>"; };
		A040F0322059207300F38F2A /* YLVideoView.h */ = {isa = PBXFileReference; lastKnownFileType = sourcecode.c.h; path = YLVideoView.h; sourceTree = "<group>"; };
		A040F0332059207300F38F2A /* YLVideoView.m */ = {isa = PBXFileReference; lastKnownFileType = sourcecode.c.objc; path = YLVideoView.m; sourceTree = "<group>"; };
		A040F0352059217F00F38F2A /* YLViewer.pch */ = {isa = PBXFileReference; lastKnownFileType = sourcecode.c.h; path = YLViewer.pch; sourceTree = "<group>"; };
		EF4A07B6E5F7D090E57ED687 /* Pods-YLViewer.debug.xcconfig */ = {isa = PBXFileReference; includeInIndex = 1; lastKnownFileType = text.xcconfig; name = "Pods-YLViewer.debug.xcconfig"; path = "Pods/Target Support Files/Pods-YLViewer/Pods-YLViewer.debug.xcconfig"; sourceTree = "<group>"; };
/* End PBXFileReference section */

/* Begin PBXFrameworksBuildPhase section */
		A040F013205900A000F38F2A /* Frameworks */ = {
			isa = PBXFrameworksBuildPhase;
			buildActionMask = 2147483647;
			files = (
				02D85606A962534BB0DF6E71 /* Pods_YLViewer.framework in Frameworks */,
			);
			runOnlyForDeploymentPostprocessing = 0;
		};
/* End PBXFrameworksBuildPhase section */

/* Begin PBXGroup section */
		1CB369C577E55BA970292534 /* Frameworks */ = {
			isa = PBXGroup;
			children = (
				4E657157EB8E464851A572EA /* Pods_YLViewer.framework */,
			);
			name = Frameworks;
			sourceTree = "<group>";
		};
		24AD525CB32C4962F9CBEA7A /* Pods */ = {
			isa = PBXGroup;
			children = (
				EF4A07B6E5F7D090E57ED687 /* Pods-YLViewer.debug.xcconfig */,
				682FACD823A5002A813CB52D /* Pods-YLViewer.release.xcconfig */,
			);
			name = Pods;
			sourceTree = "<group>";
		};
		A040F00D205900A000F38F2A = {
			isa = PBXGroup;
			children = (
				A040F018205900A000F38F2A /* YLViewer */,
				A040F017205900A000F38F2A /* Products */,
				24AD525CB32C4962F9CBEA7A /* Pods */,
				1CB369C577E55BA970292534 /* Frameworks */,
			);
			sourceTree = "<group>";
		};
		A040F017205900A000F38F2A /* Products */ = {
			isa = PBXGroup;
			children = (
				A040F016205900A000F38F2A /* YLViewer.app */,
			);
			name = Products;
			sourceTree = "<group>";
		};
		A040F018205900A000F38F2A /* YLViewer */ = {
			isa = PBXGroup;
			children = (
				A040F02F2059087600F38F2A /* Resources */,
				A040F019205900A000F38F2A /* AppDelegate.h */,
				A040F01A205900A000F38F2A /* AppDelegate.m */,
				A040F01C205900A000F38F2A /* ViewController.h */,
				A040F01D205900A000F38F2A /* ViewController.m */,
				A040F01F205900A000F38F2A /* Main.storyboard */,
				A040F022205900A000F38F2A /* Assets.xcassets */,
				A040F024205900A000F38F2A /* LaunchScreen.storyboard */,
				A040F027205900A000F38F2A /* Info.plist */,
				A040F028205900A000F38F2A /* main.m */,
				A040F0322059207300F38F2A /* YLVideoView.h */,
				A040F0332059207300F38F2A /* YLVideoView.m */,
				A040F0352059217F00F38F2A /* YLViewer.pch */,
			);
			path = YLViewer;
			sourceTree = "<group>";
		};
		A040F02F2059087600F38F2A /* Resources */ = {
			isa = PBXGroup;
			children = (
				A040F0302059089A00F38F2A /* demo.mp4 */,
			);
			path = Resources;
			sourceTree = "<group>";
		};
/* End PBXGroup section */

/* Begin PBXNativeTarget section */
		A040F015205900A000F38F2A /* YLViewer */ = {
			isa = PBXNativeTarget;
			buildConfigurationList = A040F02C205900A000F38F2A /* Build configuration list for PBXNativeTarget "YLViewer" */;
			buildPhases = (
				AB6F6E558831DC7A3EEE2CB5 /* [CP] Check Pods Manifest.lock */,
				A040F012205900A000F38F2A /* Sources */,
				A040F013205900A000F38F2A /* Frameworks */,
				A040F014205900A000F38F2A /* Resources */,
				F6B01995F830A6456ED2523C /* [CP] Embed Pods Frameworks */,
				9954B9BEC177BDF52399BA57 /* [CP] Copy Pods Resources */,
			);
			buildRules = (
			);
			dependencies = (
			);
			name = YLViewer;
			productName = YLViewer;
			productReference = A040F016205900A000F38F2A /* YLViewer.app */;
			productType = "com.apple.product-type.application";
		};
/* End PBXNativeTarget section */

/* Begin PBXProject section */
		A040F00E205900A000F38F2A /* Project object */ = {
			isa = PBXProject;
			attributes = {
				CLASSPREFIX = YL;
				LastUpgradeCheck = 0920;
				ORGANIZATIONNAME = IceCreamWu;
				TargetAttributes = {
					A040F015205900A000F38F2A = {
						CreatedOnToolsVersion = 9.2;
						ProvisioningStyle = Automatic;
					};
				};
			};
			buildConfigurationList = A040F011205900A000F38F2A /* Build configuration list for PBXProject "YLViewer" */;
			compatibilityVersion = "Xcode 8.0";
			developmentRegion = en;
			hasScannedForEncodings = 0;
			knownRegions = (
				en,
				Base,
			);
			mainGroup = A040F00D205900A000F38F2A;
			productRefGroup = A040F017205900A000F38F2A /* Products */;
			projectDirPath = "";
			projectRoot = "";
			targets = (
				A040F015205900A000F38F2A /* YLViewer */,
			);
		};
/* End PBXProject section */

/* Begin PBXResourcesBuildPhase section */
		A040F014205900A000F38F2A /* Resources */ = {
			isa = PBXResourcesBuildPhase;
			buildActionMask = 2147483647;
			files = (
				A040F0312059089A00F38F2A /* demo.mp4 in Resources */,
				A040F026205900A000F38F2A /* LaunchScreen.storyboard in Resources */,
				A040F023205900A000F38F2A /* Assets.xcassets in Resources */,
				A040F021205900A000F38F2A /* Main.storyboard in Resources */,
			);
			runOnlyForDeploymentPostprocessing = 0;
		};
/* End PBXResourcesBuildPhase section */

/* Begin PBXShellScriptBuildPhase section */
		9954B9BEC177BDF52399BA57 /* [CP] Copy Pods Resources */ = {
			isa = PBXShellScriptBuildPhase;
			buildActionMask = 2147483647;
			files = (
			);
			inputPaths = (
			);
			name = "[CP] Copy Pods Resources";
			outputPaths = (
			);
			runOnlyForDeploymentPostprocessing = 0;
			shellPath = /bin/sh;
			shellScript = "\"${SRCROOT}/Pods/Target Support Files/Pods-YLViewer/Pods-YLViewer-resources.sh\"\n";
			showEnvVarsInLog = 0;
		};
		AB6F6E558831DC7A3EEE2CB5 /* [CP] Check Pods Manifest.lock */ = {
			isa = PBXShellScriptBuildPhase;
			buildActionMask = 2147483647;
			files = (
			);
			inputPaths = (
				"${PODS_PODFILE_DIR_PATH}/Podfile.lock",
				"${PODS_ROOT}/Manifest.lock",
			);
			name = "[CP] Check Pods Manifest.lock";
			outputPaths = (
				"$(DERIVED_FILE_DIR)/Pods-YLViewer-checkManifestLockResult.txt",
			);
			runOnlyForDeploymentPostprocessing = 0;
			shellPath = /bin/sh;
			shellScript = "diff \"${PODS_PODFILE_DIR_PATH}/Podfile.lock\" \"${PODS_ROOT}/Manifest.lock\" > /dev/null\nif [ $? != 0 ] ; then\n    # print error to STDERR\n    echo \"error: The sandbox is not in sync with the Podfile.lock. Run 'pod install' or update your CocoaPods installation.\" >&2\n    exit 1\nfi\n# This output is used by Xcode 'outputs' to avoid re-running this script phase.\necho \"SUCCESS\" > \"${SCRIPT_OUTPUT_FILE_0}\"\n";
			showEnvVarsInLog = 0;
		};
		F6B01995F830A6456ED2523C /* [CP] Embed Pods Frameworks */ = {
			isa = PBXShellScriptBuildPhase;
			buildActionMask = 2147483647;
			files = (
			);
			inputPaths = (
				"${SRCROOT}/Pods/Target Support Files/Pods-YLViewer/Pods-YLViewer-frameworks.sh",
				"${BUILT_PRODUCTS_DIR}/YYKit/YYKit.framework",
			);
			name = "[CP] Embed Pods Frameworks";
			outputPaths = (
				"${TARGET_BUILD_DIR}/${FRAMEWORKS_FOLDER_PATH}/YYKit.framework",
			);
			runOnlyForDeploymentPostprocessing = 0;
			shellPath = /bin/sh;
			shellScript = "\"${SRCROOT}/Pods/Target Support Files/Pods-YLViewer/Pods-YLViewer-frameworks.sh\"\n";
			showEnvVarsInLog = 0;
		};
/* End PBXShellScriptBuildPhase section */

/* Begin PBXSourcesBuildPhase section */
		A040F012205900A000F38F2A /* Sources */ = {
			isa = PBXSourcesBuildPhase;
			buildActionMask = 2147483647;
			files = (
				A040F01E205900A000F38F2A /* ViewController.m in Sources */,
				A040F029205900A000F38F2A /* main.m in Sources */,
				A040F01B205900A000F38F2A /* AppDelegate.m in Sources */,
				A040F0342059207300F38F2A /* YLVideoView.m in Sources */,
			);
			runOnlyForDeploymentPostprocessing = 0;
		};
/* End PBXSourcesBuildPhase section */

/* Begin PBXVariantGroup section */
		A040F01F205900A000F38F2A /* Main.storyboard */ = {
			isa = PBXVariantGroup;
			children = (
				A040F020205900A000F38F2A /* Base */,
			);
			name = Main.storyboard;
			sourceTree = "<group>";
		};
		A040F024205900A000F38F2A /* LaunchScreen.storyboard */ = {
			isa = PBXVariantGroup;
			children = (
				A040F025205900A000F38F2A /* Base */,
			);
			name = LaunchScreen.storyboard;
			sourceTree = "<group>";
		};
/* End PBXVariantGroup section */

/* Begin XCBuildConfiguration section */
		A040F02A205900A000F38F2A /* Debug */ = {
			isa = XCBuildConfiguration;
			buildSettings = {
				ALWAYS_SEARCH_USER_PATHS = NO;
				CLANG_ANALYZER_NONNULL = YES;
				CLANG_ANALYZER_NUMBER_OBJECT_CONVERSION = YES_AGGRESSIVE;
				CLANG_CXX_LANGUAGE_STANDARD = "gnu++14";
				CLANG_CXX_LIBRARY = "libc++";
				CLANG_ENABLE_MODULES = YES;
				CLANG_ENABLE_OBJC_ARC = YES;
				CLANG_WARN_BLOCK_CAPTURE_AUTORELEASING = YES;
				CLANG_WARN_BOOL_CONVERSION = YES;
				CLANG_WARN_COMMA = YES;
				CLANG_WARN_CONSTANT_CONVERSION = YES;
				CLANG_WARN_DIRECT_OBJC_ISA_USAGE = YES_ERROR;
				CLANG_WARN_DOCUMENTATION_COMMENTS = YES;
				CLANG_WARN_EMPTY_BODY = YES;
				CLANG_WARN_ENUM_CONVERSION = YES;
				CLANG_WARN_INFINITE_RECURSION = YES;
				CLANG_WARN_INT_CONVERSION = YES;
				CLANG_WARN_NON_LITERAL_NULL_CONVERSION = YES;
				CLANG_WARN_OBJC_LITERAL_CONVERSION = YES;
				CLANG_WARN_OBJC_ROOT_CLASS = YES_ERROR;
				CLANG_WARN_RANGE_LOOP_ANALYSIS = YES;
				CLANG_WARN_STRICT_PROTOTYPES = YES;
				CLANG_WARN_SUSPICIOUS_MOVE = YES;
				CLANG_WARN_UNGUARDED_AVAILABILITY = YES_AGGRESSIVE;
				CLANG_WARN_UNREACHABLE_CODE = YES;
				CLANG_WARN__DUPLICATE_METHOD_MATCH = YES;
				CODE_SIGN_IDENTITY = "iPhone Developer";
				COPY_PHASE_STRIP = NO;
				DEBUG_INFORMATION_FORMAT = dwarf;
				ENABLE_STRICT_OBJC_MSGSEND = YES;
				ENABLE_TESTABILITY = YES;
				GCC_C_LANGUAGE_STANDARD = gnu11;
				GCC_DYNAMIC_NO_PIC = NO;
				GCC_NO_COMMON_BLOCKS = YES;
				GCC_OPTIMIZATION_LEVEL = 0;
				GCC_PREPROCESSOR_DEFINITIONS = (
					"DEBUG=1",
					"$(inherited)",
				);
				GCC_WARN_64_TO_32_BIT_CONVERSION = YES;
				GCC_WARN_ABOUT_RETURN_TYPE = YES_ERROR;
				GCC_WARN_UNDECLARED_SELECTOR = YES;
				GCC_WARN_UNINITIALIZED_AUTOS = YES_AGGRESSIVE;
				GCC_WARN_UNUSED_FUNCTION = YES;
				GCC_WARN_UNUSED_VARIABLE = YES;
				IPHONEOS_DEPLOYMENT_TARGET = 11.2;
				MTL_ENABLE_DEBUG_INFO = YES;
				ONLY_ACTIVE_ARCH = YES;
				SDKROOT = iphoneos;
			};
			name = Debug;
		};
		A040F02B205900A000F38F2A /* Release */ = {
			isa = XCBuildConfiguration;
			buildSettings = {
				ALWAYS_SEARCH_USER_PATHS = NO;
				CLANG_ANALYZER_NONNULL = YES;
				CLANG_ANALYZER_NUMBER_OBJECT_CONVERSION = YES_AGGRESSIVE;
				CLANG_CXX_LANGUAGE_STANDARD = "gnu++14";
				CLANG_CXX_LIBRARY = "libc++";
				CLANG_ENABLE_MODULES = YES;
				CLANG_ENABLE_OBJC_ARC = YES;
				CLANG_WARN_BLOCK_CAPTURE_AUTORELEASING = YES;
				CLANG_WARN_BOOL_CONVERSION = YES;
				CLANG_WARN_COMMA = YES;
				CLANG_WARN_CONSTANT_CONVERSION = YES;
				CLANG_WARN_DIRECT_OBJC_ISA_USAGE = YES_ERROR;
				CLANG_WARN_DOCUMENTATION_COMMENTS = YES;
				CLANG_WARN_EMPTY_BODY = YES;
				CLANG_WARN_ENUM_CONVERSION = YES;
				CLANG_WARN_INFINITE_RECURSION = YES;
				CLANG_WARN_INT_CONVERSION = YES;
				CLANG_WARN_NON_LITERAL_NULL_CONVERSION = YES;
				CLANG_WARN_OBJC_LITERAL_CONVERSION = YES;
				CLANG_WARN_OBJC_ROOT_CLASS = YES_ERROR;
				CLANG_WARN_RANGE_LOOP_ANALYSIS = YES;
				CLANG_WARN_STRICT_PROTOTYPES = YES;
				CLANG_WARN_SUSPICIOUS_MOVE = YES;
				CLANG_WARN_UNGUARDED_AVAILABILITY = YES_AGGRESSIVE;
				CLANG_WARN_UNREACHABLE_CODE = YES;
				CLANG_WARN__DUPLICATE_METHOD_MATCH = YES;
				CODE_SIGN_IDENTITY = "iPhone Developer";
				COPY_PHASE_STRIP = NO;
				DEBUG_INFORMATION_FORMAT = "dwarf-with-dsym";
				ENABLE_NS_ASSERTIONS = NO;
				ENABLE_STRICT_OBJC_MSGSEND = YES;
				GCC_C_LANGUAGE_STANDARD = gnu11;
				GCC_NO_COMMON_BLOCKS = YES;
				GCC_WARN_64_TO_32_BIT_CONVERSION = YES;
				GCC_WARN_ABOUT_RETURN_TYPE = YES_ERROR;
				GCC_WARN_UNDECLARED_SELECTOR = YES;
				GCC_WARN_UNINITIALIZED_AUTOS = YES_AGGRESSIVE;
				GCC_WARN_UNUSED_FUNCTION = YES;
				GCC_WARN_UNUSED_VARIABLE = YES;
				IPHONEOS_DEPLOYMENT_TARGET = 11.2;
				MTL_ENABLE_DEBUG_INFO = NO;
				SDKROOT = iphoneos;
				VALIDATE_PRODUCT = YES;
			};
			name = Release;
		};
		A040F02D205900A000F38F2A /* Debug */ = {
			isa = XCBuildConfiguration;
			baseConfigurationReference = EF4A07B6E5F7D090E57ED687 /* Pods-YLViewer.debug.xcconfig */;
			buildSettings = {
				ASSETCATALOG_COMPILER_APPICON_NAME = AppIcon;
				CODE_SIGN_STYLE = Automatic;
				DEVELOPMENT_TEAM = UMCLJT4MG5;
				GCC_PRECOMPILE_PREFIX_HEADER = YES;
				GCC_PREFIX_HEADER = "${SRCROOT}/${TARGETNAME}/${TARGETNAME}.pch";
				INFOPLIST_FILE = YLViewer/Info.plist;
				IPHONEOS_DEPLOYMENT_TARGET = 9.0;
				LD_RUNPATH_SEARCH_PATHS = "$(inherited) @executable_path/Frameworks";
				PRODUCT_BUNDLE_IDENTIFIER = com.icw.app.YLViewer;
				PRODUCT_NAME = "$(TARGET_NAME)";
				TARGETED_DEVICE_FAMILY = "1,2";
			};
			name = Debug;
		};
		A040F02E205900A000F38F2A /* Release */ = {
			isa = XCBuildConfiguration;
			baseConfigurationReference = 682FACD823A5002A813CB52D /* Pods-YLViewer.release.xcconfig */;
			buildSettings = {
				ASSETCATALOG_COMPILER_APPICON_NAME = AppIcon;
				CODE_SIGN_STYLE = Automatic;
				DEVELOPMENT_TEAM = UMCLJT4MG5;
				GCC_PRECOMPILE_PREFIX_HEADER = YES;
				GCC_PREFIX_HEADER = "${SRCROOT}/${TARGETNAME}/${TARGETNAME}.pch";
				INFOPLIST_FILE = YLViewer/Info.plist;
				IPHONEOS_DEPLOYMENT_TARGET = 9.0;
				LD_RUNPATH_SEARCH_PATHS = "$(inherited) @executable_path/Frameworks";
				PRODUCT_BUNDLE_IDENTIFIER = com.icw.app.YLViewer;
				PRODUCT_NAME = "$(TARGET_NAME)";
				TARGETED_DEVICE_FAMILY = "1,2";
			};
			name = Release;
		};
/* End XCBuildConfiguration section */

/* Begin XCConfigurationList section */
		A040F011205900A000F38F2A /* Build configuration list for PBXProject "YLViewer" */ = {
			isa = XCConfigurationList;
			buildConfigurations = (
				A040F02A205900A000F38F2A /* Debug */,
				A040F02B205900A000F38F2A /* Release */,
			);
			defaultConfigurationIsVisible = 0;
			defaultConfigurationName = Release;
		};
		A040F02C205900A000F38F2A /* Build configuration list for PBXNativeTarget "YLViewer" */ = {
			isa = XCConfigurationList;
			buildConfigurations = (
				A040F02D205900A000F38F2A /* Debug */,
				A040F02E205900A000F38F2A /* Release */,
			);
			defaultConfigurationIsVisible = 0;
			defaultConfigurationName = Release;
		};
/* End XCConfigurationList section */
	};
	rootObject = A040F00E205900A000F38F2A /* Project object */;
}
